
Microsoft Visual Studio Solution File, Format Version 12.00
# Visual Studio 15
VisualStudioVersion = 15.0.27703.2035
MinimumVisualStudioVersion = 10.0.40219.1
Project("{FAE04EC0-301F-11D3-BF4B-00C04F79EFBC}") = "Events", "Events\Events.csproj", "{EE99E932-EDD8-4E94-808B-56D06C4D3F13}"
EndProject
Global
	GlobalSection(SolutionConfigurationPlatforms) = preSolution
		Debug|Any CPU = Debug|Any CPU
		Release|Any CPU = Release|Any CPU
	EndGlobalSection
	GlobalSection(ProjectConfigurationPlatforms) = postSolution
		{EE99E932-EDD8-4E94-808B-56D06C4D3F13}.Debug|Any CPU.ActiveCfg = Debug|Any CPU
		{EE99E932-EDD8-4E94-808B-56D06C4D3F13}.Debug|Any CPU.Build.0 = Debug|Any CPU
		{EE99E932-EDD8-4E94-808B-56D06C4D3F13}.Release|Any CPU.ActiveCfg = Release|Any CPU
		{EE99E932-EDD8-4E94-808B-56D06C4D3F13}.Release|Any CPU.Build.0 = Release|Any CPU
	EndGlobalSection
	GlobalSection(SolutionProperties) = preSolution
		HideSolutionNode = FALSE
	EndGlobalSection
	GlobalSection(ExtensibilityGlobals) = postSolution
		SolutionGuid = {2A9CE191-40B4-4DCF-898D-474B5F88E5F1}
	EndGlobalSection
EndGlobal
